
Microsoft Visual Studio Solution File, Format Version 12.00
# Visual Studio Version 16
VisualStudioVersion = 16.0.34031.81
MinimumVisualStudioVersion = 10.0.40219.1
Project("{2150E333-8FDC-42A3-9474-1A3956D46DE8}") = "Task0", "Task0", "{B5866FE7-C171-4475-94F8-E5A7FEC412D8}"
EndProject
Project("{2150E333-8FDC-42A3-9474-1A3956D46DE8}") = "Task1", "Task1", "{7E757F02-ADA1-43EC-AB37-A77E2F15E119}"
EndProject
Project("{2150E333-8FDC-42A3-9474-1A3956D46DE8}") = "Task2", "Task2", "{A6791751-E9CC-4113-9889-9D07D7DC7E56}"
EndProject
Project("{2150E333-8FDC-42A3-9474-1A3956D46DE8}") = "Task3", "Task3", "{1FA66215-C132-4EAE-8FCA-65088DB6FCF5}"
EndProject
Project("{2150E333-8FDC-42A3-9474-1A3956D46DE8}") = "Task4", "Task4", "{EC6277AA-BAF2-4C5C-8255-7C1ABDCD0B8B}"
EndProject
Project("{2150E333-8FDC-42A3-9474-1A3956D46DE8}") = "Task5", "Task5", "{CC88E714-5FA2-4C71-AB19-A05A97A91B46}"
EndProject
Project("{2150E333-8FDC-42A3-9474-1A3956D46DE8}") = "Task6", "Task6", "{466AA14F-13C1-4502-8453-1A142CC90F14}"
EndProject
Project("{2150E333-8FDC-42A3-9474-1A3956D46DE8}") = "Task7", "Task7", "{FAB7558D-A971-40C2-88E7-858B8B5A03C0}"
EndProject
Project("{FAE04EC0-301F-11D3-BF4B-00C04F79EFBC}") = "Tyuiu.RachevES.Sprint4.Task1.V20", "Tyuiu.RachevES.Sprint4.Task1.V20\Tyuiu.RachevES.Sprint4.Task1.V20.csproj", "{4752D371-0C3C-4839-9A1B-7D809AB9A1FF}"
EndProject
Project("{FAE04EC0-301F-11D3-BF4B-00C04F79EFBC}") = "Tyuiu.RachevES.Sprint4.Task1.V20.Test", "Tyuiu.RachevES.Sprint4.Task1.V20.Test\Tyuiu.RachevES.Sprint4.Task1.V20.Test.csproj", "{4ABD8D93-5604-46BC-95BD-D0E83BD14843}"
EndProject
Project("{FAE04EC0-301F-11D3-BF4B-00C04F79EFBC}") = "Tyuiu.RachevES.Sprint4.Task1.V20.Lib", "Tyuiu.RachevES.Sprint4.Task1.V20.Lib\Tyuiu.RachevES.Sprint4.Task1.V20.Lib.csproj", "{8D9A728D-3A68-4EAC-A9CE-CE14759C5E71}"
EndProject
Project("{FAE04EC0-301F-11D3-BF4B-00C04F79EFBC}") = "Tyuiu.RachevES.Sprint4.Task2.V13", "Tyuiu.RachevES.Sprint4.Task2.V13\Tyuiu.RachevES.Sprint4.Task2.V13.csproj", "{065B31FA-DE12-442B-847E-3F629DA6CD6F}"
EndProject
Project("{FAE04EC0-301F-11D3-BF4B-00C04F79EFBC}") = "Tyuiu.RachevES.Sprint4.Task2.V13.Lib", "Tyuiu.RachevES.Sprint4.Task2.V13.Lib\Tyuiu.RachevES.Sprint4.Task2.V13.Lib.csproj", "{1816F6F3-2751-4FA7-A0CD-A39FC88B7AB7}"
EndProject
Project("{FAE04EC0-301F-11D3-BF4B-00C04F79EFBC}") = "Tyuiu.RachevES.Sprint4.Task2.V13.Test", "Tyuiu.RachevES.Sprint4.Task2.V13.Test\Tyuiu.RachevES.Sprint4.Task2.V13.Test.csproj", "{163FA5BC-B093-4E5D-B845-C642F3721CC2}"
EndProject
Project("{FAE04EC0-301F-11D3-BF4B-00C04F79EFBC}") = "Tyuiu.RachevES.Sprint4.Task3.V5", "Tyuiu.RachevES.Sprint4.Task3.V5\Tyuiu.RachevES.Sprint4.Task3.V5.csproj", "{CA4FC5EC-8E66-4847-8842-701E8045A677}"
EndProject
Project("{FAE04EC0-301F-11D3-BF4B-00C04F79EFBC}") = "Tyuiu.RachevES.Sprint4.Task3.V5.Test", "Tyuiu.RachevES.Sprint4.Task3.V5.Test\Tyuiu.RachevES.Sprint4.Task3.V5.Test.csproj", "{7C312637-BBEE-4018-9912-BE80F1F052F8}"
EndProject
Project("{FAE04EC0-301F-11D3-BF4B-00C04F79EFBC}") = "Tyuiu.RachevES.Sprint4.Task3.V5.Lib", "Tyuiu.RachevES.Sprint4.Task3.V5.Lib\Tyuiu.RachevES.Sprint4.Task3.V5.Lib.csproj", "{AFADCEA7-B9E6-40CF-A243-D396E4B14D83}"
EndProject
Project("{FAE04EC0-301F-11D3-BF4B-00C04F79EFBC}") = "Tyuiu.RachevES.Sprint4.Task4.V13", "Tyuiu.RachevES.Sprint4.Task4.V13\Tyuiu.RachevES.Sprint4.Task4.V13.csproj", "{258DFB02-25FB-49BB-9920-C8FA003F050A}"
EndProject
Project("{FAE04EC0-301F-11D3-BF4B-00C04F79EFBC}") = "Tyuiu.RachevES.Sprint4.Task4.V13.Test", "Tyuiu.RachevES.Sprint4.Task4.V13.Test\Tyuiu.RachevES.Sprint4.Task4.V13.Test.csproj", "{6550D818-8B74-4CE2-B0A0-4CF09F9FFA0A}"
EndProject
Project("{FAE04EC0-301F-11D3-BF4B-00C04F79EFBC}") = "Tyuiu.RachevES.Sprint4.Task4.V13.Lib", "Tyuiu.RachevES.Sprint4.Task4.V13.Lib\Tyuiu.RachevES.Sprint4.Task4.V13.Lib.csproj", "{38329806-DA96-4532-930E-326241B78B18}"
EndProject
Project("{FAE04EC0-301F-11D3-BF4B-00C04F79EFBC}") = "Tyuiu.RachevES.Sprint4.Task5.V25", "Tyuiu.RachevES.Sprint4.Task5.V25\Tyuiu.RachevES.Sprint4.Task5.V25.csproj", "{AA2AE3FB-F3F9-45E2-9F76-2D4BBB9D166B}"
EndProject
Project("{FAE04EC0-301F-11D3-BF4B-00C04F79EFBC}") = "Tyuiu.RachevES.Sprint4.Task5.V25.Lib", "Tyuiu.RachevES.Sprint4.Task5.V25.Lib\Tyuiu.RachevES.Sprint4.Task5.V25.Lib.csproj", "{494827DC-834D-44FA-AB9A-56DE9ADE2233}"
EndProject
Project("{FAE04EC0-301F-11D3-BF4B-00C04F79EFBC}") = "Tyuiu.RachevES.Sprint4.Task5.V25.Test", "Tyuiu.RachevES.Sprint4.Task5.V25.Test\Tyuiu.RachevES.Sprint4.Task5.V25.Test.csproj", "{BC2715F9-1A4E-4170-AAAE-69CDC0CF7669}"
EndProject
Project("{FAE04EC0-301F-11D3-BF4B-00C04F79EFBC}") = "Tyuiu.RachevES.Sprint4.Task6.V4", "Tyuiu.RachevES.Sprint4.Task6.V4\Tyuiu.RachevES.Sprint4.Task6.V4.csproj", "{C09EDC22-9A17-4768-94A2-42DE95AEAC47}"
EndProject
Project("{FAE04EC0-301F-11D3-BF4B-00C04F79EFBC}") = "Tyuiu.RachevES.Sprint4.Task6.V4.Test", "Tyuiu.RachevES.Sprint4.Task6.V4.Test\Tyuiu.RachevES.Sprint4.Task6.V4.Test.csproj", "{C8FF9225-9D6C-4F9D-AC3E-41EDC26E7532}"
EndProject
Project("{FAE04EC0-301F-11D3-BF4B-00C04F79EFBC}") = "Tyuiu.RachevES.Sprint4.Task6.V4.Lib", "Tyuiu.RachevES.Sprint4.Task6.V4.Lib\Tyuiu.RachevES.Sprint4.Task6.V4.Lib.csproj", "{2709F679-EAFF-4973-8BFF-E10D44712128}"
EndProject
Project("{FAE04EC0-301F-11D3-BF4B-00C04F79EFBC}") = "Tyuiu.RachevES.Sprint4.Task7.V6", "Tyuiu.RachevES.Sprint4.Task7.V6\Tyuiu.RachevES.Sprint4.Task7.V6.csproj", "{1A4D1819-545F-41B2-A51B-AF613A6C1710}"
EndProject
Project("{FAE04EC0-301F-11D3-BF4B-00C04F79EFBC}") = "Tyuiu.RachevES.Sprint4.Task7.V6.Lib", "Tyuiu.RachevES.Sprint4.Task7.V6.Lib\Tyuiu.RachevES.Sprint4.Task7.V6.Lib.csproj", "{19D55763-9DF8-4D67-BA8C-BB961B9BC55C}"
EndProject
Project("{FAE04EC0-301F-11D3-BF4B-00C04F79EFBC}") = "Tyuiu.RachevES.Sprint4.Task7.V6.Test", "Tyuiu.RachevES.Sprint4.Task7.V6.Test\Tyuiu.RachevES.Sprint4.Task7.V6.Test.csproj", "{3C9F06E6-95DB-4A80-83E7-ED60AABAC940}"
EndProject
Project("{FAE04EC0-301F-11D3-BF4B-00C04F79EFBC}") = "Tyuiu.RachevES.Sprint4.Task0.V3", "Tyuiu.RachevES.Sprint4.Task0.V3\Tyuiu.RachevES.Sprint4.Task0.V3.csproj", "{83CD618C-0C7C-4C9F-B54E-610AE51DE483}"
EndProject
Project("{FAE04EC0-301F-11D3-BF4B-00C04F79EFBC}") = "Tyuiu.RachevES.Sprint4.Task0.V3.Test", "Tyuiu.RachevES.Sprint4.Task0.V3.Test\Tyuiu.RachevES.Sprint4.Task0.V3.Test.csproj", "{A4C5FE8C-9FC9-4AE8-A8C4-8FA0D2E3B07B}"
EndProject
Project("{FAE04EC0-301F-11D3-BF4B-00C04F79EFBC}") = "Tyuiu.RachevES.Sprint4.Task0.V3.Lib", "Tyuiu.RachevES.Sprint4.Task0.V3.Lib\Tyuiu.RachevES.Sprint4.Task0.V3.Lib.csproj", "{19BDC1D1-DA22-4F88-B7FD-D87139A93CAD}"
EndProject
Global
	GlobalSection(SolutionConfigurationPlatforms) = preSolution
		Debug|Any CPU = Debug|Any CPU
		Release|Any CPU = Release|Any CPU
	EndGlobalSection
	GlobalSection(ProjectConfigurationPlatforms) = postSolution
		{4752D371-0C3C-4839-9A1B-7D809AB9A1FF}.Debug|Any CPU.ActiveCfg = Debug|Any CPU
		{4752D371-0C3C-4839-9A1B-7D809AB9A1FF}.Debug|Any CPU.Build.0 = Debug|Any CPU
		{4752D371-0C3C-4839-9A1B-7D809AB9A1FF}.Release|Any CPU.ActiveCfg = Release|Any CPU
		{4752D371-0C3C-4839-9A1B-7D809AB9A1FF}.Release|Any CPU.Build.0 = Release|Any CPU
		{4ABD8D93-5604-46BC-95BD-D0E83BD14843}.Debug|Any CPU.ActiveCfg = Debug|Any CPU
		{4ABD8D93-5604-46BC-95BD-D0E83BD14843}.Debug|Any CPU.Build.0 = Debug|Any CPU
		{4ABD8D93-5604-46BC-95BD-D0E83BD14843}.Release|Any CPU.ActiveCfg = Release|Any CPU
		{4ABD8D93-5604-46BC-95BD-D0E83BD14843}.Release|Any CPU.Build.0 = Release|Any CPU
		{8D9A728D-3A68-4EAC-A9CE-CE14759C5E71}.Debug|Any CPU.ActiveCfg = Debug|Any CPU
		{8D9A728D-3A68-4EAC-A9CE-CE14759C5E71}.Debug|Any CPU.Build.0 = Debug|Any CPU
		{8D9A728D-3A68-4EAC-A9CE-CE14759C5E71}.Release|Any CPU.ActiveCfg = Release|Any CPU
		{8D9A728D-3A68-4EAC-A9CE-CE14759C5E71}.Release|Any CPU.Build.0 = Release|Any CPU
		{065B31FA-DE12-442B-847E-3F629DA6CD6F}.Debug|Any CPU.ActiveCfg = Debug|Any CPU
		{065B31FA-DE12-442B-847E-3F629DA6CD6F}.Debug|Any CPU.Build.0 = Debug|Any CPU
		{065B31FA-DE12-442B-847E-3F629DA6CD6F}.Release|Any CPU.ActiveCfg = Release|Any CPU
		{065B31FA-DE12-442B-847E-3F629DA6CD6F}.Release|Any CPU.Build.0 = Release|Any CPU
		{1816F6F3-2751-4FA7-A0CD-A39FC88B7AB7}.Debug|Any CPU.ActiveCfg = Debug|Any CPU
		{1816F6F3-2751-4FA7-A0CD-A39FC88B7AB7}.Debug|Any CPU.Build.0 = Debug|Any CPU
		{1816F6F3-2751-4FA7-A0CD-A39FC88B7AB7}.Release|Any CPU.ActiveCfg = Release|Any CPU
		{1816F6F3-2751-4FA7-A0CD-A39FC88B7AB7}.Release|Any CPU.Build.0 = Release|Any CPU
		{163FA5BC-B093-4E5D-B845-C642F3721CC2}.Debug|Any CPU.ActiveCfg = Debug|Any CPU
		{163FA5BC-B093-4E5D-B845-C642F3721CC2}.Debug|Any CPU.Build.0 = Debug|Any CPU
		{163FA5BC-B093-4E5D-B845-C642F3721CC2}.Release|Any CPU.ActiveCfg = Release|Any CPU
		{163FA5BC-B093-4E5D-B845-C642F3721CC2}.Release|Any CPU.Build.0 = Release|Any CPU
		{CA4FC5EC-8E66-4847-8842-701E8045A677}.Debug|Any CPU.ActiveCfg = Debug|Any CPU
		{CA4FC5EC-8E66-4847-8842-701E8045A677}.Debug|Any CPU.Build.0 = Debug|Any CPU
		{CA4FC5EC-8E66-4847-8842-701E8045A677}.Release|Any CPU.ActiveCfg = Release|Any CPU
		{CA4FC5EC-8E66-4847-8842-701E8045A677}.Release|Any CPU.Build.0 = Release|Any CPU
		{7C312637-BBEE-4018-9912-BE80F1F052F8}.Debug|Any CPU.ActiveCfg = Debug|Any CPU
		{7C312637-BBEE-4018-9912-BE80F1F052F8}.Debug|Any CPU.Build.0 = Debug|Any CPU
		{7C312637-BBEE-4018-9912-BE80F1F052F8}.Release|Any CPU.ActiveCfg = Release|Any CPU
		{7C312637-BBEE-4018-9912-BE80F1F052F8}.Release|Any CPU.Build.0 = Release|Any CPU
		{AFADCEA7-B9E6-40CF-A243-D396E4B14D83}.Debug|Any CPU.ActiveCfg = Debug|Any CPU
		{AFADCEA7-B9E6-40CF-A243-D396E4B14D83}.Debug|Any CPU.Build.0 = Debug|Any CPU
		{AFADCEA7-B9E6-40CF-A243-D396E4B14D83}.Release|Any CPU.ActiveCfg = Release|Any CPU
		{AFADCEA7-B9E6-40CF-A243-D396E4B14D83}.Release|Any CPU.Build.0 = Release|Any CPU
		{258DFB02-25FB-49BB-9920-C8FA003F050A}.Debug|Any CPU.ActiveCfg = Debug|Any CPU
		{258DFB02-25FB-49BB-9920-C8FA003F050A}.Debug|Any CPU.Build.0 = Debug|Any CPU
		{258DFB02-25FB-49BB-9920-C8FA003F050A}.Release|Any CPU.ActiveCfg = Release|Any CPU
		{258DFB02-25FB-49BB-9920-C8FA003F050A}.Release|Any CPU.Build.0 = Release|Any CPU
		{6550D818-8B74-4CE2-B0A0-4CF09F9FFA0A}.Debug|Any CPU.ActiveCfg = Debug|Any CPU
		{6550D818-8B74-4CE2-B0A0-4CF09F9FFA0A}.Debug|Any CPU.Build.0 = Debug|Any CPU
		{6550D818-8B74-4CE2-B0A0-4CF09F9FFA0A}.Release|Any CPU.ActiveCfg = Release|Any CPU
		{6550D818-8B74-4CE2-B0A0-4CF09F9FFA0A}.Release|Any CPU.Build.0 = Release|Any CPU
		{38329806-DA96-4532-930E-326241B78B18}.Debug|Any CPU.ActiveCfg = Debug|Any CPU
		{38329806-DA96-4532-930E-326241B78B18}.Debug|Any CPU.Build.0 = Debug|Any CPU
		{38329806-DA96-4532-930E-326241B78B18}.Release|Any CPU.ActiveCfg = Release|Any CPU
		{38329806-DA96-4532-930E-326241B78B18}.Release|Any CPU.Build.0 = Release|Any CPU
		{AA2AE3FB-F3F9-45E2-9F76-2D4BBB9D166B}.Debug|Any CPU.ActiveCfg = Debug|Any CPU
		{AA2AE3FB-F3F9-45E2-9F76-2D4BBB9D166B}.Debug|Any CPU.Build.0 = Debug|Any CPU
		{AA2AE3FB-F3F9-45E2-9F76-2D4BBB9D166B}.Release|Any CPU.ActiveCfg = Release|Any CPU
		{AA2AE3FB-F3F9-45E2-9F76-2D4BBB9D166B}.Release|Any CPU.Build.0 = Release|Any CPU
		{494827DC-834D-44FA-AB9A-56DE9ADE2233}.Debug|Any CPU.ActiveCfg = Debug|Any CPU
		{494827DC-834D-44FA-AB9A-56DE9ADE2233}.Debug|Any CPU.Build.0 = Debug|Any CPU
		{494827DC-834D-44FA-AB9A-56DE9ADE2233}.Release|Any CPU.ActiveCfg = Release|Any CPU
		{494827DC-834D-44FA-AB9A-56DE9ADE2233}.Release|Any CPU.Build.0 = Release|Any CPU
		{BC2715F9-1A4E-4170-AAAE-69CDC0CF7669}.Debug|Any CPU.ActiveCfg = Debug|Any CPU
		{BC2715F9-1A4E-4170-AAAE-69CDC0CF7669}.Debug|Any CPU.Build.0 = Debug|Any CPU
		{BC2715F9-1A4E-4170-AAAE-69CDC0CF7669}.Release|Any CPU.ActiveCfg = Release|Any CPU
		{BC2715F9-1A4E-4170-AAAE-69CDC0CF7669}.Release|Any CPU.Build.0 = Release|Any CPU
		{C09EDC22-9A17-4768-94A2-42DE95AEAC47}.Debug|Any CPU.ActiveCfg = Debug|Any CPU
		{C09EDC22-9A17-4768-94A2-42DE95AEAC47}.Debug|Any CPU.Build.0 = Debug|Any CPU
		{C09EDC22-9A17-4768-94A2-42DE95AEAC47}.Release|Any CPU.ActiveCfg = Release|Any CPU
		{C09EDC22-9A17-4768-94A2-42DE95AEAC47}.Release|Any CPU.Build.0 = Release|Any CPU
		{C8FF9225-9D6C-4F9D-AC3E-41EDC26E7532}.Debug|Any CPU.ActiveCfg = Debug|Any CPU
		{C8FF9225-9D6C-4F9D-AC3E-41EDC26E7532}.Debug|Any CPU.Build.0 = Debug|Any CPU
		{C8FF9225-9D6C-4F9D-AC3E-41EDC26E7532}.Release|Any CPU.ActiveCfg = Release|Any CPU
		{C8FF9225-9D6C-4F9D-AC3E-41EDC26E7532}.Release|Any CPU.Build.0 = Release|Any CPU
		{2709F679-EAFF-4973-8BFF-E10D44712128}.Debug|Any CPU.ActiveCfg = Debug|Any CPU
		{2709F679-EAFF-4973-8BFF-E10D44712128}.Debug|Any CPU.Build.0 = Debug|Any CPU
		{2709F679-EAFF-4973-8BFF-E10D44712128}.Release|Any CPU.ActiveCfg = Release|Any CPU
		{2709F679-EAFF-4973-8BFF-E10D44712128}.Release|Any CPU.Build.0 = Release|Any CPU
		{1A4D1819-545F-41B2-A51B-AF613A6C1710}.Debug|Any CPU.ActiveCfg = Debug|Any CPU
		{1A4D1819-545F-41B2-A51B-AF613A6C1710}.Debug|Any CPU.Build.0 = Debug|Any CPU
		{1A4D1819-545F-41B2-A51B-AF613A6C1710}.Release|Any CPU.ActiveCfg = Release|Any CPU
		{1A4D1819-545F-41B2-A51B-AF613A6C1710}.Release|Any CPU.Build.0 = Release|Any CPU
		{19D55763-9DF8-4D67-BA8C-BB961B9BC55C}.Debug|Any CPU.ActiveCfg = Debug|Any CPU
		{19D55763-9DF8-4D67-BA8C-BB961B9BC55C}.Debug|Any CPU.Build.0 = Debug|Any CPU
		{19D55763-9DF8-4D67-BA8C-BB961B9BC55C}.Release|Any CPU.ActiveCfg = Release|Any CPU
		{19D55763-9DF8-4D67-BA8C-BB961B9BC55C}.Release|Any CPU.Build.0 = Release|Any CPU
		{3C9F06E6-95DB-4A80-83E7-ED60AABAC940}.Debug|Any CPU.ActiveCfg = Debug|Any CPU
		{3C9F06E6-95DB-4A80-83E7-ED60AABAC940}.Debug|Any CPU.Build.0 = Debug|Any CPU
		{3C9F06E6-95DB-4A80-83E7-ED60AABAC940}.Release|Any CPU.ActiveCfg = Release|Any CPU
		{3C9F06E6-95DB-4A80-83E7-ED60AABAC940}.Release|Any CPU.Build.0 = Release|Any CPU
		{83CD618C-0C7C-4C9F-B54E-610AE51DE483}.Debug|Any CPU.ActiveCfg = Debug|Any CPU
		{83CD618C-0C7C-4C9F-B54E-610AE51DE483}.Debug|Any CPU.Build.0 = Debug|Any CPU
		{83CD618C-0C7C-4C9F-B54E-610AE51DE483}.Release|Any CPU.ActiveCfg = Release|Any CPU
		{83CD618C-0C7C-4C9F-B54E-610AE51DE483}.Release|Any CPU.Build.0 = Release|Any CPU
		{A4C5FE8C-9FC9-4AE8-A8C4-8FA0D2E3B07B}.Debug|Any CPU.ActiveCfg = Debug|Any CPU
		{A4C5FE8C-9FC9-4AE8-A8C4-8FA0D2E3B07B}.Debug|Any CPU.Build.0 = Debug|Any CPU
		{A4C5FE8C-9FC9-4AE8-A8C4-8FA0D2E3B07B}.Release|Any CPU.ActiveCfg = Release|Any CPU
		{A4C5FE8C-9FC9-4AE8-A8C4-8FA0D2E3B07B}.Release|Any CPU.Build.0 = Release|Any CPU
		{19BDC1D1-DA22-4F88-B7FD-D87139A93CAD}.Debug|Any CPU.ActiveCfg = Debug|Any CPU
		{19BDC1D1-DA22-4F88-B7FD-D87139A93CAD}.Debug|Any CPU.Build.0 = Debug|Any CPU
		{19BDC1D1-DA22-4F88-B7FD-D87139A93CAD}.Release|Any CPU.ActiveCfg = Release|Any CPU
		{19BDC1D1-DA22-4F88-B7FD-D87139A93CAD}.Release|Any CPU.Build.0 = Release|Any CPU
	EndGlobalSection
	GlobalSection(SolutionProperties) = preSolution
		HideSolutionNode = FALSE
	EndGlobalSection
	GlobalSection(NestedProjects) = preSolution
		{4752D371-0C3C-4839-9A1B-7D809AB9A1FF} = {7E757F02-ADA1-43EC-AB37-A77E2F15E119}
		{4ABD8D93-5604-46BC-95BD-D0E83BD14843} = {7E757F02-ADA1-43EC-AB37-A77E2F15E119}
		{8D9A728D-3A68-4EAC-A9CE-CE14759C5E71} = {7E757F02-ADA1-43EC-AB37-A77E2F15E119}
		{065B31FA-DE12-442B-847E-3F629DA6CD6F} = {A6791751-E9CC-4113-9889-9D07D7DC7E56}
		{1816F6F3-2751-4FA7-A0CD-A39FC88B7AB7} = {A6791751-E9CC-4113-9889-9D07D7DC7E56}
		{163FA5BC-B093-4E5D-B845-C642F3721CC2} = {A6791751-E9CC-4113-9889-9D07D7DC7E56}
		{CA4FC5EC-8E66-4847-8842-701E8045A677} = {1FA66215-C132-4EAE-8FCA-65088DB6FCF5}
		{7C312637-BBEE-4018-9912-BE80F1F052F8} = {1FA66215-C132-4EAE-8FCA-65088DB6FCF5}
		{AFADCEA7-B9E6-40CF-A243-D396E4B14D83} = {1FA66215-C132-4EAE-8FCA-65088DB6FCF5}
		{258DFB02-25FB-49BB-9920-C8FA003F050A} = {EC6277AA-BAF2-4C5C-8255-7C1ABDCD0B8B}
		{6550D818-8B74-4CE2-B0A0-4CF09F9FFA0A} = {EC6277AA-BAF2-4C5C-8255-7C1ABDCD0B8B}
		{38329806-DA96-4532-930E-326241B78B18} = {EC6277AA-BAF2-4C5C-8255-7C1ABDCD0B8B}
		{AA2AE3FB-F3F9-45E2-9F76-2D4BBB9D166B} = {CC88E714-5FA2-4C71-AB19-A05A97A91B46}
		{494827DC-834D-44FA-AB9A-56DE9ADE2233} = {CC88E714-5FA2-4C71-AB19-A05A97A91B46}
		{BC2715F9-1A4E-4170-AAAE-69CDC0CF7669} = {CC88E714-5FA2-4C71-AB19-A05A97A91B46}
		{C09EDC22-9A17-4768-94A2-42DE95AEAC47} = {466AA14F-13C1-4502-8453-1A142CC90F14}
		{C8FF9225-9D6C-4F9D-AC3E-41EDC26E7532} = {466AA14F-13C1-4502-8453-1A142CC90F14}
		{2709F679-EAFF-4973-8BFF-E10D44712128} = {466AA14F-13C1-4502-8453-1A142CC90F14}
		{1A4D1819-545F-41B2-A51B-AF613A6C1710} = {FAB7558D-A971-40C2-88E7-858B8B5A03C0}
		{19D55763-9DF8-4D67-BA8C-BB961B9BC55C} = {FAB7558D-A971-40C2-88E7-858B8B5A03C0}
		{3C9F06E6-95DB-4A80-83E7-ED60AABAC940} = {FAB7558D-A971-40C2-88E7-858B8B5A03C0}
		{83CD618C-0C7C-4C9F-B54E-610AE51DE483} = {B5866FE7-C171-4475-94F8-E5A7FEC412D8}
		{A4C5FE8C-9FC9-4AE8-A8C4-8FA0D2E3B07B} = {B5866FE7-C171-4475-94F8-E5A7FEC412D8}
		{19BDC1D1-DA22-4F88-B7FD-D87139A93CAD} = {B5866FE7-C171-4475-94F8-E5A7FEC412D8}
	EndGlobalSection
	GlobalSection(ExtensibilityGlobals) = postSolution
		SolutionGuid = {7055DA11-F2DC-47E4-AACA-A006E3F7E4CA}
	EndGlobalSection
EndGlobal
